
Microsoft Visual Studio Solution File, Format Version 12.00
# Visual Studio Version 17
VisualStudioVersion = 17.3.32929.385
MinimumVisualStudioVersion = 10.0.40219.1
Project("{FAE04EC0-301F-11D3-BF4B-00C04F79EFBC}") = "Laba5_Task1", "Laba5_Task1\Laba5_Task1.csproj", "{FD332392-1642-44AB-8302-D114F8FC8C88}"
EndProject
Project("{FAE04EC0-301F-11D3-BF4B-00C04F79EFBC}") = "Laba5_Task2", "Laba5_Task2\Laba5_Task2.csproj", "{0CA5234D-C8CE-45A3-B3EF-B3640B1E4D52}"
EndProject
Project("{FAE04EC0-301F-11D3-BF4B-00C04F79EFBC}") = "Laba5_Task4", "Laba5_Task4\Laba5_Task4.csproj", "{6CFE09E7-555C-4FA1-9056-BB2319BC755C}"
EndProject
Global
	GlobalSection(SolutionConfigurationPlatforms) = preSolution
		Debug|Any CPU = Debug|Any CPU
		Release|Any CPU = Release|Any CPU
	EndGlobalSection
	GlobalSection(ProjectConfigurationPlatforms) = postSolution
		{FD332392-1642-44AB-8302-D114F8FC8C88}.Debug|Any CPU.ActiveCfg = Debug|Any CPU
		{FD332392-1642-44AB-8302-D114F8FC8C88}.Debug|Any CPU.Build.0 = Debug|Any CPU
		{FD332392-1642-44AB-8302-D114F8FC8C88}.Release|Any CPU.ActiveCfg = Release|Any CPU
		{FD332392-1642-44AB-8302-D114F8FC8C88}.Release|Any CPU.Build.0 = Release|Any CPU
		{0CA5234D-C8CE-45A3-B3EF-B3640B1E4D52}.Debug|Any CPU.ActiveCfg = Debug|Any CPU
		{0CA5234D-C8CE-45A3-B3EF-B3640B1E4D52}.Debug|Any CPU.Build.0 = Debug|Any CPU
		{0CA5234D-C8CE-45A3-B3EF-B3640B1E4D52}.Release|Any CPU.ActiveCfg = Release|Any CPU
		{0CA5234D-C8CE-45A3-B3EF-B3640B1E4D52}.Release|Any CPU.Build.0 = Release|Any CPU
		{6CFE09E7-555C-4FA1-9056-BB2319BC755C}.Debug|Any CPU.ActiveCfg = Debug|Any CPU
		{6CFE09E7-555C-4FA1-9056-BB2319BC755C}.Debug|Any CPU.Build.0 = Debug|Any CPU
		{6CFE09E7-555C-4FA1-9056-BB2319BC755C}.Release|Any CPU.ActiveCfg = Release|Any CPU
		{6CFE09E7-555C-4FA1-9056-BB2319BC755C}.Release|Any CPU.Build.0 = Release|Any CPU
	EndGlobalSection
	GlobalSection(SolutionProperties) = preSolution
		HideSolutionNode = FALSE
	EndGlobalSection
	GlobalSection(ExtensibilityGlobals) = postSolution
		SolutionGuid = {FCFA0C32-364C-4C66-8E4D-40FACE5EC406}
	EndGlobalSection
EndGlobal
